
Microsoft Visual Studio Solution File, Format Version 12.00
# Visual Studio Version 16
VisualStudioVersion = 16.0.33927.289
MinimumVisualStudioVersion = 10.0.40219.1
Project("{FAE04EC0-301F-11D3-BF4B-00C04F79EFBC}") = "Hotel", "Hotel\Hotel.csproj", "{E2F47E41-AFE1-46E9-B9A2-B2DD4C6BA95F}"
EndProject
Global
	GlobalSection(SolutionConfigurationPlatforms) = preSolution
		Debug|Any CPU = Debug|Any CPU
		Release|Any CPU = Release|Any CPU
	EndGlobalSection
	GlobalSection(ProjectConfigurationPlatforms) = postSolution
		{E2F47E41-AFE1-46E9-B9A2-B2DD4C6BA95F}.Debug|Any CPU.ActiveCfg = Debug|Any CPU
		{E2F47E41-AFE1-46E9-B9A2-B2DD4C6BA95F}.Debug|Any CPU.Build.0 = Debug|Any CPU
		{E2F47E41-AFE1-46E9-B9A2-B2DD4C6BA95F}.Release|Any CPU.ActiveCfg = Release|Any CPU
		{E2F47E41-AFE1-46E9-B9A2-B2DD4C6BA95F}.Release|Any CPU.Build.0 = Release|Any CPU
	EndGlobalSection
	GlobalSection(SolutionProperties) = preSolution
		HideSolutionNode = FALSE
	EndGlobalSection
	GlobalSection(ExtensibilityGlobals) = postSolution
		SolutionGuid = {2342565A-5D50-4E3E-BD16-B5FBA3299429}
	EndGlobalSection
EndGlobal
